{
    "name": "laravel-fullcalendar-scheduler",
    "lockfileVersion": 2,
    "requires": true,
    "packages": {
        "": {
            "license": "MIT",
            "dependencies": {
                "fullcalendar-scheduler": "^5.11.0"
            }
        },
        "node_modules/fullcalendar-scheduler": {
            "version": "5.11.0",
            "resolved": "https://registry.npmjs.org/fullcalendar-scheduler/-/fullcalendar-scheduler-5.11.0.tgz",
            "integrity": "sha512-KN7W6QXfBEcYRkNz6nNPXSN4fcPt43EFW+V0HsvHR9oZlfyRqaLxrGMLb+t/0Q4lmP8liAzHZofGqtvaof/LmA=="
        }
    },
    "dependencies": {
        "fullcalendar-scheduler": {
            "version": "5.11.0",
            "resolved": "https://registry.npmjs.org/fullcalendar-scheduler/-/fullcalendar-scheduler-5.11.0.tgz",
            "integrity": "sha512-KN7W6QXfBEcYRkNz6nNPXSN4fcPt43EFW+V0HsvHR9oZlfyRqaLxrGMLb+t/0Q4lmP8liAzHZofGqtvaof/LmA=="
        }
    }
}
