{
    "name": "laravel-fullcalendar-scheduler",
    "lockfileVersion": 2,
    "requires": true,
    "packages": {
        "": {
            "license": "MIT",
            "dependencies": {
                "fullcalendar-scheduler": "^5.11.0",
                "moment": "^2.29.4"
            }
        },
        "node_modules/fullcalendar-scheduler": {
            "version": "5.11.0",
            "resolved": "https://registry.npmjs.org/fullcalendar-scheduler/-/fullcalendar-scheduler-5.11.0.tgz",
            "integrity": "sha512-KN7W6QXfBEcYRkNz6nNPXSN4fcPt43EFW+V0HsvHR9oZlfyRqaLxrGMLb+t/0Q4lmP8liAzHZofGqtvaof/LmA=="
        },
        "node_modules/moment": {
            "version": "2.29.4",
            "resolved": "https://registry.npmjs.org/moment/-/moment-2.29.4.tgz",
            "integrity": "sha512-5LC9SOxjSc2HF6vO2CyuTDNivEdoz2IvyJJGj6X8DJ0eFyfszE0QiEd+iXmBvUP3WHxSjFH/vIsA0EN00cgr8w==",
            "engines": {
                "node": "*"
            }
        }
    },
    "dependencies": {
        "fullcalendar-scheduler": {
            "version": "5.11.0",
            "resolved": "https://registry.npmjs.org/fullcalendar-scheduler/-/fullcalendar-scheduler-5.11.0.tgz",
            "integrity": "sha512-KN7W6QXfBEcYRkNz6nNPXSN4fcPt43EFW+V0HsvHR9oZlfyRqaLxrGMLb+t/0Q4lmP8liAzHZofGqtvaof/LmA=="
        },
        "moment": {
            "version": "2.29.4",
            "resolved": "https://registry.npmjs.org/moment/-/moment-2.29.4.tgz",
            "integrity": "sha512-5LC9SOxjSc2HF6vO2CyuTDNivEdoz2IvyJJGj6X8DJ0eFyfszE0QiEd+iXmBvUP3WHxSjFH/vIsA0EN00cgr8w=="
        }
    }
}
