# THIS IS AN AUTOGENERATED FILE. DO NOT EDIT THIS FILE DIRECTLY.
# yarn lockfile v1


"fullcalendar-scheduler@^5.11.0":
  "integrity" "sha512-KN7W6QXfBEcYRkNz6nNPXSN4fcPt43EFW+V0HsvHR9oZlfyRqaLxrGMLb+t/0Q4lmP8liAzHZofGqtvaof/LmA=="
  "resolved" "https://registry.npmjs.org/fullcalendar-scheduler/-/fullcalendar-scheduler-5.11.0.tgz"
  "version" "5.11.0"

"moment@^2.29.4":
  "integrity" "sha512-5LC9SOxjSc2HF6vO2CyuTDNivEdoz2IvyJJGj6X8DJ0eFyfszE0QiEd+iXmBvUP3WHxSjFH/vIsA0EN00cgr8w=="
  "resolved" "https://registry.npmjs.org/moment/-/moment-2.29.4.tgz"
  "version" "2.29.4"
